
Microsoft Visual Studio Solution File, Format Version 12.00
# Visual Studio Version 16
VisualStudioVersion = 16.0.30225.117
MinimumVisualStudioVersion = 10.0.40219.1
Project("{FAE04EC0-301F-11D3-BF4B-00C04F79EFBC}") = "TacocaT", "TacocaT\TacocaT.csproj", "{BC20B172-8B67-4B46-A448-BA809233D917}"
EndProject
Global
	GlobalSection(SolutionConfigurationPlatforms) = preSolution
		Debug|Any CPU = Debug|Any CPU
		Release|Any CPU = Release|Any CPU
	EndGlobalSection
	GlobalSection(ProjectConfigurationPlatforms) = postSolution
		{BC20B172-8B67-4B46-A448-BA809233D917}.Debug|Any CPU.ActiveCfg = Debug|Any CPU
		{BC20B172-8B67-4B46-A448-BA809233D917}.Debug|Any CPU.Build.0 = Debug|Any CPU
		{BC20B172-8B67-4B46-A448-BA809233D917}.Release|Any CPU.ActiveCfg = Release|Any CPU
		{BC20B172-8B67-4B46-A448-BA809233D917}.Release|Any CPU.Build.0 = Release|Any CPU
	EndGlobalSection
	GlobalSection(SolutionProperties) = preSolution
		HideSolutionNode = FALSE
	EndGlobalSection
	GlobalSection(ExtensibilityGlobals) = postSolution
		SolutionGuid = {E23B18E0-B42D-4638-8696-D5A63756A1E9}
	EndGlobalSection
EndGlobal
